
Microsoft Visual Studio Solution File, Format Version 12.00
# Visual Studio 15
Project("{FAE04EC0-301F-11D3-BF4B-00C04F79EFBC}") = "Assembly-CSharp", "Assembly-CSharp.csproj", "{0B6ECC06-B60F-7166-08FB-F88F33CAEF58}"
EndProject
Project("{FAE04EC0-301F-11D3-BF4B-00C04F79EFBC}") = "Assembly-CSharp-Editor", "Assembly-CSharp-Editor.csproj", "{C37DA15A-ADDD-9649-1E4B-1BC9C457C66D}"
EndProject
Global
	GlobalSection(SolutionConfigurationPlatforms) = preSolution
		Debug|Any CPU = Debug|Any CPU
		Release|Any CPU = Release|Any CPU
	EndGlobalSection
	GlobalSection(ProjectConfigurationPlatforms) = postSolution
		{0B6ECC06-B60F-7166-08FB-F88F33CAEF58}.Debug|Any CPU.ActiveCfg = Debug|Any CPU
		{0B6ECC06-B60F-7166-08FB-F88F33CAEF58}.Debug|Any CPU.Build.0 = Debug|Any CPU
		{0B6ECC06-B60F-7166-08FB-F88F33CAEF58}.Release|Any CPU.ActiveCfg = Release|Any CPU
		{0B6ECC06-B60F-7166-08FB-F88F33CAEF58}.Release|Any CPU.Build.0 = Release|Any CPU
		{C37DA15A-ADDD-9649-1E4B-1BC9C457C66D}.Debug|Any CPU.ActiveCfg = Debug|Any CPU
		{C37DA15A-ADDD-9649-1E4B-1BC9C457C66D}.Debug|Any CPU.Build.0 = Debug|Any CPU
		{C37DA15A-ADDD-9649-1E4B-1BC9C457C66D}.Release|Any CPU.ActiveCfg = Release|Any CPU
		{C37DA15A-ADDD-9649-1E4B-1BC9C457C66D}.Release|Any CPU.Build.0 = Release|Any CPU
	EndGlobalSection
	GlobalSection(SolutionProperties) = preSolution
		HideSolutionNode = FALSE
	EndGlobalSection
EndGlobal
